
Microsoft Visual Studio Solution File, Format Version 12.00
# Visual Studio Version 17
VisualStudioVersion = 17.11.35208.52
MinimumVisualStudioVersion = 10.0.40219.1
Project("{FAE04EC0-301F-11D3-BF4B-00C04F79EFBC}") = "AnalisisValoresApi", "AnalisisValoresApi\AnalisisValoresApi.csproj", "{0C175E01-1454-41E3-BFE2-EC8A87BD9AAF}"
EndProject
Global
	GlobalSection(SolutionConfigurationPlatforms) = preSolution
		Debug|Any CPU = Debug|Any CPU
		Release|Any CPU = Release|Any CPU
	EndGlobalSection
	GlobalSection(ProjectConfigurationPlatforms) = postSolution
		{0C175E01-1454-41E3-BFE2-EC8A87BD9AAF}.Debug|Any CPU.ActiveCfg = Debug|Any CPU
		{0C175E01-1454-41E3-BFE2-EC8A87BD9AAF}.Debug|Any CPU.Build.0 = Debug|Any CPU
		{0C175E01-1454-41E3-BFE2-EC8A87BD9AAF}.Release|Any CPU.ActiveCfg = Release|Any CPU
		{0C175E01-1454-41E3-BFE2-EC8A87BD9AAF}.Release|Any CPU.Build.0 = Release|Any CPU
	EndGlobalSection
	GlobalSection(SolutionProperties) = preSolution
		HideSolutionNode = FALSE
	EndGlobalSection
	GlobalSection(ExtensibilityGlobals) = postSolution
		SolutionGuid = {0CF14DA3-DDA2-4CB6-9739-19BA05A81E6E}
	EndGlobalSection
EndGlobal
